
Microsoft Visual Studio Solution File, Format Version 12.00
# Visual Studio Version 17
VisualStudioVersion = 17.0.31912.275
MinimumVisualStudioVersion = 10.0.40219.1
Project("{8BC9CEB8-8B4A-11D0-8D11-00A0C91BC942}") = "Largest palindrome product", "Largest palindrome product.vcxproj", "{CD43F021-A215-4970-A8C6-90E7E40515EB}"
EndProject
Global
	GlobalSection(SolutionConfigurationPlatforms) = preSolution
		Debug|x64 = Debug|x64
		Debug|x86 = Debug|x86
		Release|x64 = Release|x64
		Release|x86 = Release|x86
	EndGlobalSection
	GlobalSection(ProjectConfigurationPlatforms) = postSolution
		{CD43F021-A215-4970-A8C6-90E7E40515EB}.Debug|x64.ActiveCfg = Debug|x64
		{CD43F021-A215-4970-A8C6-90E7E40515EB}.Debug|x64.Build.0 = Debug|x64
		{CD43F021-A215-4970-A8C6-90E7E40515EB}.Debug|x86.ActiveCfg = Debug|Win32
		{CD43F021-A215-4970-A8C6-90E7E40515EB}.Debug|x86.Build.0 = Debug|Win32
		{CD43F021-A215-4970-A8C6-90E7E40515EB}.Release|x64.ActiveCfg = Release|x64
		{CD43F021-A215-4970-A8C6-90E7E40515EB}.Release|x64.Build.0 = Release|x64
		{CD43F021-A215-4970-A8C6-90E7E40515EB}.Release|x86.ActiveCfg = Release|Win32
		{CD43F021-A215-4970-A8C6-90E7E40515EB}.Release|x86.Build.0 = Release|Win32
	EndGlobalSection
	GlobalSection(SolutionProperties) = preSolution
		HideSolutionNode = FALSE
	EndGlobalSection
	GlobalSection(ExtensibilityGlobals) = postSolution
		SolutionGuid = {7E620D97-B9AA-4CD4-B269-BDC31ACA140D}
	EndGlobalSection
EndGlobal
